Microsoft Visual Studio Solution File, Format Version 12.00
# Visual Studio Version 17
VisualStudioVersion = 17.5.2.0
MinimumVisualStudioVersion = 10.0.40219.1
Project("{2150E333-8FDC-42A3-9474-1A3956D46DE8}") = "src", "src", "{827E0CD3-B72D-47B6-A68D-7590B98EB39B}"
EndProject
Project("{2150E333-8FDC-42A3-9474-1A3956D46DE8}") = "Finished", "Finished", "{83BB716C-5BAA-10CA-C82D-4728BDE2A2C1}"
EndProject
Project("{FAE04EC0-301F-11D3-BF4B-00C04F79EFBC}") = "ValRef", "src\Finished\ValRef\ValRef.csproj", "{07D00C75-A116-34E4-D161-22375A612833}"
EndProject
Project("{2150E333-8FDC-42A3-9474-1A3956D46DE8}") = "Records", "Records", "{606FD581-73F3-1109-8F09-2694D5C1E828}"
EndProject
Project("{FAE04EC0-301F-11D3-BF4B-00C04F79EFBC}") = "RecordStructs", "src\Finished\Records\RecordStructs\RecordStructs.csproj", "{50814721-00F2-D984-FF9B-CC958AFCA3E3}"
EndProject
Project("{FAE04EC0-301F-11D3-BF4B-00C04F79EFBC}") = "Defining", "src\Finished\Records\Defining\Defining.csproj", "{83EFE27F-2251-60B6-E30D-F9CF59EA758B}"
EndProject
Project("{FAE04EC0-301F-11D3-BF4B-00C04F79EFBC}") = "Immutability", "src\Finished\Records\Immutability\Immutability.csproj", "{B38307F9-686D-D4E5-969D-FC2D6C4DD7A1}"
EndProject
Project("{FAE04EC0-301F-11D3-BF4B-00C04F79EFBC}") = "AutoFeatures", "src\Finished\Records\AutoFeatures\AutoFeatures.csproj", "{A51AD32C-540D-CDC1-6807-DF5E22505E90}"
EndProject
Project("{FAE04EC0-301F-11D3-BF4B-00C04F79EFBC}") = "Inheritance", "src\Finished\Records\Inheritance\Inheritance.csproj", "{9A4EC559-6EE4-34A1-C8F3-45D3F06C566A}"
EndProject
Project("{2150E333-8FDC-42A3-9474-1A3956D46DE8}") = "Structs", "Structs", "{29EA6B80-2B2D-6339-36CE-84CE84AF74CF}"
EndProject
Project("{FAE04EC0-301F-11D3-BF4B-00C04F79EFBC}") = "Defining", "src\Finished\Structs\Defining\Defining.csproj", "{7F01548E-56DC-E9F2-BDA0-EA10F0648674}"
EndProject
Project("{FAE04EC0-301F-11D3-BF4B-00C04F79EFBC}") = "StructMethods", "src\Finished\Structs\StructMethods\StructMethods.csproj", "{B5AB16E5-EAF5-51BE-7432-394D7D22676A}"
EndProject
Project("{FAE04EC0-301F-11D3-BF4B-00C04F79EFBC}") = "Immutable", "src\Finished\Structs\Immutable\Immutable.csproj", "{AEA6D332-9CC5-08AA-EEFA-9DE3C56E813D}"
EndProject
Project("{FAE04EC0-301F-11D3-BF4B-00C04F79EFBC}") = "ValueSemantics", "src\Finished\Structs\ValueSemantics\ValueSemantics.csproj", "{EF2D0AC3-6120-3F05-5BEC-1410D49C560B}"
EndProject
Project("{2150E333-8FDC-42A3-9474-1A3956D46DE8}") = "Classes", "Classes", "{C44371C3-EAF0-5EF8-B237-793F44290781}"
EndProject
Project("{FAE04EC0-301F-11D3-BF4B-00C04F79EFBC}") = "Defining", "src\Finished\Classes\Defining\Defining.csproj", "{78D26BE4-A427-7EF0-2025-F4B68F8954A0}"
EndProject
Project("{FAE04EC0-301F-11D3-BF4B-00C04F79EFBC}") = "Inheritance", "src\Finished\Classes\Inheritance\Inheritance.csproj", "{766AD9C3-3F1F-C603-C87F-EE85E0D0FBC0}"
EndProject
Project("{FAE04EC0-301F-11D3-BF4B-00C04F79EFBC}") = "Equality", "src\Finished\Classes\Equality\Equality.csproj", "{C50C07A8-6C2E-AD96-E297-52447245783F}"
EndProject
Project("{2150E333-8FDC-42A3-9474-1A3956D46DE8}") = "Start", "Start", "{530CCF05-9654-D08A-D53D-EF2EF5675D99}"
EndProject
Project("{2150E333-8FDC-42A3-9474-1A3956D46DE8}") = "Records", "Records", "{1E189A8F-034C-B710-C937-DB660829674C}"
EndProject
Project("{FAE04EC0-301F-11D3-BF4B-00C04F79EFBC}") = "RecordStructs", "src\Start\Records\RecordStructs\RecordStructs.csproj", "{8A2B466D-8C37-969C-FD87-0954823E2F91}"
EndProject
Project("{FAE04EC0-301F-11D3-BF4B-00C04F79EFBC}") = "Defining", "src\Start\Records\Defining\Defining.csproj", "{E8BD4BE8-D468-B703-4099-501328AF8651}"
EndProject
Project("{FAE04EC0-301F-11D3-BF4B-00C04F79EFBC}") = "Immutability", "src\Start\Records\Immutability\Immutability.csproj", "{C255E5D5-9EE9-341A-5C87-23F5E6E95EC2}"
EndProject
Project("{FAE04EC0-301F-11D3-BF4B-00C04F79EFBC}") = "AutoFeatures", "src\Start\Records\AutoFeatures\AutoFeatures.csproj", "{AD8B6C72-78F3-40DD-8CFB-18253FD4D757}"
EndProject
Project("{FAE04EC0-301F-11D3-BF4B-00C04F79EFBC}") = "Inheritance", "src\Start\Records\Inheritance\Inheritance.csproj", "{6563BE25-EF1E-9C09-B4D9-E27E8FA6DAC9}"
EndProject
Project("{2150E333-8FDC-42A3-9474-1A3956D46DE8}") = "Structs", "Structs", "{D8518FD9-B843-DB1A-A083-FDE905D17E03}"
EndProject
Project("{FAE04EC0-301F-11D3-BF4B-00C04F79EFBC}") = "Defining", "src\Start\Structs\Defining\Defining.csproj", "{E62D9627-5202-BF0D-1857-81E4210B9855}"
EndProject
Project("{FAE04EC0-301F-11D3-BF4B-00C04F79EFBC}") = "StructMethods", "src\Start\Structs\StructMethods\StructMethods.csproj", "{DAC59AB9-9A61-4B62-0093-0B02CCF5E8AF}"
EndProject
Project("{FAE04EC0-301F-11D3-BF4B-00C04F79EFBC}") = "Immutable", "src\Start\Structs\Immutable\Immutable.csproj", "{CC60FC01-EC77-4177-0164-43807E56C6DB}"
EndProject
Project("{FAE04EC0-301F-11D3-BF4B-00C04F79EFBC}") = "ValueSemantics", "src\Start\Structs\ValueSemantics\ValueSemantics.csproj", "{7F7B3E01-3C06-C93C-EF20-E86EE1E8F2DD}"
EndProject
Project("{2150E333-8FDC-42A3-9474-1A3956D46DE8}") = "Classes", "Classes", "{517EA44C-6CBC-FB1B-52BE-9202E4C27F61}"
EndProject
Project("{FAE04EC0-301F-11D3-BF4B-00C04F79EFBC}") = "Defining", "src\Start\Classes\Defining\Defining.csproj", "{A6206A9E-711B-6817-A8F6-4615A26C2FE6}"
EndProject
Project("{FAE04EC0-301F-11D3-BF4B-00C04F79EFBC}") = "Inheritance", "src\Start\Classes\Inheritance\Inheritance.csproj", "{4DC0782C-A924-03E0-FF04-4BF718910341}"
EndProject
Project("{FAE04EC0-301F-11D3-BF4B-00C04F79EFBC}") = "Equality", "src\Start\Classes\Equality\Equality.csproj", "{905DDF8C-38E6-48CE-C717-954E0E139A5F}"
EndProject
Global
	GlobalSection(SolutionConfigurationPlatforms) = preSolution
		Debug|Any CPU = Debug|Any CPU
		Release|Any CPU = Release|Any CPU
	EndGlobalSection
	GlobalSection(ProjectConfigurationPlatforms) = postSolution
		{07D00C75-A116-34E4-D161-22375A612833}.Debug|Any CPU.ActiveCfg = Debug|Any CPU
		{07D00C75-A116-34E4-D161-22375A612833}.Debug|Any CPU.Build.0 = Debug|Any CPU
		{07D00C75-A116-34E4-D161-22375A612833}.Release|Any CPU.ActiveCfg = Release|Any CPU
		{07D00C75-A116-34E4-D161-22375A612833}.Release|Any CPU.Build.0 = Release|Any CPU
		{50814721-00F2-D984-FF9B-CC958AFCA3E3}.Debug|Any CPU.ActiveCfg = Debug|Any CPU
		{50814721-00F2-D984-FF9B-CC958AFCA3E3}.Debug|Any CPU.Build.0 = Debug|Any CPU
		{50814721-00F2-D984-FF9B-CC958AFCA3E3}.Release|Any CPU.ActiveCfg = Release|Any CPU
		{50814721-00F2-D984-FF9B-CC958AFCA3E3}.Release|Any CPU.Build.0 = Release|Any CPU
		{83EFE27F-2251-60B6-E30D-F9CF59EA758B}.Debug|Any CPU.ActiveCfg = Debug|Any CPU
		{83EFE27F-2251-60B6-E30D-F9CF59EA758B}.Debug|Any CPU.Build.0 = Debug|Any CPU
		{83EFE27F-2251-60B6-E30D-F9CF59EA758B}.Release|Any CPU.ActiveCfg = Release|Any CPU
		{83EFE27F-2251-60B6-E30D-F9CF59EA758B}.Release|Any CPU.Build.0 = Release|Any CPU
		{B38307F9-686D-D4E5-969D-FC2D6C4DD7A1}.Debug|Any CPU.ActiveCfg = Debug|Any CPU
		{B38307F9-686D-D4E5-969D-FC2D6C4DD7A1}.Debug|Any CPU.Build.0 = Debug|Any CPU
		{B38307F9-686D-D4E5-969D-FC2D6C4DD7A1}.Release|Any CPU.ActiveCfg = Release|Any CPU
		{B38307F9-686D-D4E5-969D-FC2D6C4DD7A1}.Release|Any CPU.Build.0 = Release|Any CPU
		{A51AD32C-540D-CDC1-6807-DF5E22505E90}.Debug|Any CPU.ActiveCfg = Debug|Any CPU
		{A51AD32C-540D-CDC1-6807-DF5E22505E90}.Debug|Any CPU.Build.0 = Debug|Any CPU
		{A51AD32C-540D-CDC1-6807-DF5E22505E90}.Release|Any CPU.ActiveCfg = Release|Any CPU
		{A51AD32C-540D-CDC1-6807-DF5E22505E90}.Release|Any CPU.Build.0 = Release|Any CPU
		{9A4EC559-6EE4-34A1-C8F3-45D3F06C566A}.Debug|Any CPU.ActiveCfg = Debug|Any CPU
		{9A4EC559-6EE4-34A1-C8F3-45D3F06C566A}.Debug|Any CPU.Build.0 = Debug|Any CPU
		{9A4EC559-6EE4-34A1-C8F3-45D3F06C566A}.Release|Any CPU.ActiveCfg = Release|Any CPU
		{9A4EC559-6EE4-34A1-C8F3-45D3F06C566A}.Release|Any CPU.Build.0 = Release|Any CPU
		{7F01548E-56DC-E9F2-BDA0-EA10F0648674}.Debug|Any CPU.ActiveCfg = Debug|Any CPU
		{7F01548E-56DC-E9F2-BDA0-EA10F0648674}.Debug|Any CPU.Build.0 = Debug|Any CPU
		{7F01548E-56DC-E9F2-BDA0-EA10F0648674}.Release|Any CPU.ActiveCfg = Release|Any CPU
		{7F01548E-56DC-E9F2-BDA0-EA10F0648674}.Release|Any CPU.Build.0 = Release|Any CPU
		{B5AB16E5-EAF5-51BE-7432-394D7D22676A}.Debug|Any CPU.ActiveCfg = Debug|Any CPU
		{B5AB16E5-EAF5-51BE-7432-394D7D22676A}.Debug|Any CPU.Build.0 = Debug|Any CPU
		{B5AB16E5-EAF5-51BE-7432-394D7D22676A}.Release|Any CPU.ActiveCfg = Release|Any CPU
		{B5AB16E5-EAF5-51BE-7432-394D7D22676A}.Release|Any CPU.Build.0 = Release|Any CPU
		{AEA6D332-9CC5-08AA-EEFA-9DE3C56E813D}.Debug|Any CPU.ActiveCfg = Debug|Any CPU
		{AEA6D332-9CC5-08AA-EEFA-9DE3C56E813D}.Debug|Any CPU.Build.0 = Debug|Any CPU
		{AEA6D332-9CC5-08AA-EEFA-9DE3C56E813D}.Release|Any CPU.ActiveCfg = Release|Any CPU
		{AEA6D332-9CC5-08AA-EEFA-9DE3C56E813D}.Release|Any CPU.Build.0 = Release|Any CPU
		{EF2D0AC3-6120-3F05-5BEC-1410D49C560B}.Debug|Any CPU.ActiveCfg = Debug|Any CPU
		{EF2D0AC3-6120-3F05-5BEC-1410D49C560B}.Debug|Any CPU.Build.0 = Debug|Any CPU
		{EF2D0AC3-6120-3F05-5BEC-1410D49C560B}.Release|Any CPU.ActiveCfg = Release|Any CPU
		{EF2D0AC3-6120-3F05-5BEC-1410D49C560B}.Release|Any CPU.Build.0 = Release|Any CPU
		{78D26BE4-A427-7EF0-2025-F4B68F8954A0}.Debug|Any CPU.ActiveCfg = Debug|Any CPU
		{78D26BE4-A427-7EF0-2025-F4B68F8954A0}.Debug|Any CPU.Build.0 = Debug|Any CPU
		{78D26BE4-A427-7EF0-2025-F4B68F8954A0}.Release|Any CPU.ActiveCfg = Release|Any CPU
		{78D26BE4-A427-7EF0-2025-F4B68F8954A0}.Release|Any CPU.Build.0 = Release|Any CPU
		{766AD9C3-3F1F-C603-C87F-EE85E0D0FBC0}.Debug|Any CPU.ActiveCfg = Debug|Any CPU
		{766AD9C3-3F1F-C603-C87F-EE85E0D0FBC0}.Debug|Any CPU.Build.0 = Debug|Any CPU
		{766AD9C3-3F1F-C603-C87F-EE85E0D0FBC0}.Release|Any CPU.ActiveCfg = Release|Any CPU
		{766AD9C3-3F1F-C603-C87F-EE85E0D0FBC0}.Release|Any CPU.Build.0 = Release|Any CPU
		{C50C07A8-6C2E-AD96-E297-52447245783F}.Debug|Any CPU.ActiveCfg = Debug|Any CPU
		{C50C07A8-6C2E-AD96-E297-52447245783F}.Debug|Any CPU.Build.0 = Debug|Any CPU
		{C50C07A8-6C2E-AD96-E297-52447245783F}.Release|Any CPU.ActiveCfg = Release|Any CPU
		{C50C07A8-6C2E-AD96-E297-52447245783F}.Release|Any CPU.Build.0 = Release|Any CPU
		{8A2B466D-8C37-969C-FD87-0954823E2F91}.Debug|Any CPU.ActiveCfg = Debug|Any CPU
		{8A2B466D-8C37-969C-FD87-0954823E2F91}.Debug|Any CPU.Build.0 = Debug|Any CPU
		{8A2B466D-8C37-969C-FD87-0954823E2F91}.Release|Any CPU.ActiveCfg = Release|Any CPU
		{8A2B466D-8C37-969C-FD87-0954823E2F91}.Release|Any CPU.Build.0 = Release|Any CPU
		{E8BD4BE8-D468-B703-4099-501328AF8651}.Debug|Any CPU.ActiveCfg = Debug|Any CPU
		{E8BD4BE8-D468-B703-4099-501328AF8651}.Debug|Any CPU.Build.0 = Debug|Any CPU
		{E8BD4BE8-D468-B703-4099-501328AF8651}.Release|Any CPU.ActiveCfg = Release|Any CPU
		{E8BD4BE8-D468-B703-4099-501328AF8651}.Release|Any CPU.Build.0 = Release|Any CPU
		{C255E5D5-9EE9-341A-5C87-23F5E6E95EC2}.Debug|Any CPU.ActiveCfg = Debug|Any CPU
		{C255E5D5-9EE9-341A-5C87-23F5E6E95EC2}.Debug|Any CPU.Build.0 = Debug|Any CPU
		{C255E5D5-9EE9-341A-5C87-23F5E6E95EC2}.Release|Any CPU.ActiveCfg = Release|Any CPU
		{C255E5D5-9EE9-341A-5C87-23F5E6E95EC2}.Release|Any CPU.Build.0 = Release|Any CPU
		{AD8B6C72-78F3-40DD-8CFB-18253FD4D757}.Debug|Any CPU.ActiveCfg = Debug|Any CPU
		{AD8B6C72-78F3-40DD-8CFB-18253FD4D757}.Debug|Any CPU.Build.0 = Debug|Any CPU
		{AD8B6C72-78F3-40DD-8CFB-18253FD4D757}.Release|Any CPU.ActiveCfg = Release|Any CPU
		{AD8B6C72-78F3-40DD-8CFB-18253FD4D757}.Release|Any CPU.Build.0 = Release|Any CPU
		{6563BE25-EF1E-9C09-B4D9-E27E8FA6DAC9}.Debug|Any CPU.ActiveCfg = Debug|Any CPU
		{6563BE25-EF1E-9C09-B4D9-E27E8FA6DAC9}.Debug|Any CPU.Build.0 = Debug|Any CPU
		{6563BE25-EF1E-9C09-B4D9-E27E8FA6DAC9}.Release|Any CPU.ActiveCfg = Release|Any CPU
		{6563BE25-EF1E-9C09-B4D9-E27E8FA6DAC9}.Release|Any CPU.Build.0 = Release|Any CPU
		{E62D9627-5202-BF0D-1857-81E4210B9855}.Debug|Any CPU.ActiveCfg = Debug|Any CPU
		{E62D9627-5202-BF0D-1857-81E4210B9855}.Debug|Any CPU.Build.0 = Debug|Any CPU
		{E62D9627-5202-BF0D-1857-81E4210B9855}.Release|Any CPU.ActiveCfg = Release|Any CPU
		{E62D9627-5202-BF0D-1857-81E4210B9855}.Release|Any CPU.Build.0 = Release|Any CPU
		{DAC59AB9-9A61-4B62-0093-0B02CCF5E8AF}.Debug|Any CPU.ActiveCfg = Debug|Any CPU
		{DAC59AB9-9A61-4B62-0093-0B02CCF5E8AF}.Debug|Any CPU.Build.0 = Debug|Any CPU
		{DAC59AB9-9A61-4B62-0093-0B02CCF5E8AF}.Release|Any CPU.ActiveCfg = Release|Any CPU
		{DAC59AB9-9A61-4B62-0093-0B02CCF5E8AF}.Release|Any CPU.Build.0 = Release|Any CPU
		{CC60FC01-EC77-4177-0164-43807E56C6DB}.Debug|Any CPU.ActiveCfg = Debug|Any CPU
		{CC60FC01-EC77-4177-0164-43807E56C6DB}.Debug|Any CPU.Build.0 = Debug|Any CPU
		{CC60FC01-EC77-4177-0164-43807E56C6DB}.Release|Any CPU.ActiveCfg = Release|Any CPU
		{CC60FC01-EC77-4177-0164-43807E56C6DB}.Release|Any CPU.Build.0 = Release|Any CPU
		{7F7B3E01-3C06-C93C-EF20-E86EE1E8F2DD}.Debug|Any CPU.ActiveCfg = Debug|Any CPU
		{7F7B3E01-3C06-C93C-EF20-E86EE1E8F2DD}.Debug|Any CPU.Build.0 = Debug|Any CPU
		{7F7B3E01-3C06-C93C-EF20-E86EE1E8F2DD}.Release|Any CPU.ActiveCfg = Release|Any CPU
		{7F7B3E01-3C06-C93C-EF20-E86EE1E8F2DD}.Release|Any CPU.Build.0 = Release|Any CPU
		{A6206A9E-711B-6817-A8F6-4615A26C2FE6}.Debug|Any CPU.ActiveCfg = Debug|Any CPU
		{A6206A9E-711B-6817-A8F6-4615A26C2FE6}.Debug|Any CPU.Build.0 = Debug|Any CPU
		{A6206A9E-711B-6817-A8F6-4615A26C2FE6}.Release|Any CPU.ActiveCfg = Release|Any CPU
		{A6206A9E-711B-6817-A8F6-4615A26C2FE6}.Release|Any CPU.Build.0 = Release|Any CPU
		{4DC0782C-A924-03E0-FF04-4BF718910341}.Debug|Any CPU.ActiveCfg = Debug|Any CPU
		{4DC0782C-A924-03E0-FF04-4BF718910341}.Debug|Any CPU.Build.0 = Debug|Any CPU
		{4DC0782C-A924-03E0-FF04-4BF718910341}.Release|Any CPU.ActiveCfg = Release|Any CPU
		{4DC0782C-A924-03E0-FF04-4BF718910341}.Release|Any CPU.Build.0 = Release|Any CPU
		{905DDF8C-38E6-48CE-C717-954E0E139A5F}.Debug|Any CPU.ActiveCfg = Debug|Any CPU
		{905DDF8C-38E6-48CE-C717-954E0E139A5F}.Debug|Any CPU.Build.0 = Debug|Any CPU
		{905DDF8C-38E6-48CE-C717-954E0E139A5F}.Release|Any CPU.ActiveCfg = Release|Any CPU
		{905DDF8C-38E6-48CE-C717-954E0E139A5F}.Release|Any CPU.Build.0 = Release|Any CPU
	EndGlobalSection
	GlobalSection(SolutionProperties) = preSolution
		HideSolutionNode = FALSE
	EndGlobalSection
	GlobalSection(NestedProjects) = preSolution
		{83BB716C-5BAA-10CA-C82D-4728BDE2A2C1} = {827E0CD3-B72D-47B6-A68D-7590B98EB39B}
		{07D00C75-A116-34E4-D161-22375A612833} = {83BB716C-5BAA-10CA-C82D-4728BDE2A2C1}
		{606FD581-73F3-1109-8F09-2694D5C1E828} = {83BB716C-5BAA-10CA-C82D-4728BDE2A2C1}
		{50814721-00F2-D984-FF9B-CC958AFCA3E3} = {606FD581-73F3-1109-8F09-2694D5C1E828}
		{83EFE27F-2251-60B6-E30D-F9CF59EA758B} = {606FD581-73F3-1109-8F09-2694D5C1E828}
		{B38307F9-686D-D4E5-969D-FC2D6C4DD7A1} = {606FD581-73F3-1109-8F09-2694D5C1E828}
		{A51AD32C-540D-CDC1-6807-DF5E22505E90} = {606FD581-73F3-1109-8F09-2694D5C1E828}
		{9A4EC559-6EE4-34A1-C8F3-45D3F06C566A} = {606FD581-73F3-1109-8F09-2694D5C1E828}
		{29EA6B80-2B2D-6339-36CE-84CE84AF74CF} = {83BB716C-5BAA-10CA-C82D-4728BDE2A2C1}
		{7F01548E-56DC-E9F2-BDA0-EA10F0648674} = {29EA6B80-2B2D-6339-36CE-84CE84AF74CF}
		{B5AB16E5-EAF5-51BE-7432-394D7D22676A} = {29EA6B80-2B2D-6339-36CE-84CE84AF74CF}
		{AEA6D332-9CC5-08AA-EEFA-9DE3C56E813D} = {29EA6B80-2B2D-6339-36CE-84CE84AF74CF}
		{EF2D0AC3-6120-3F05-5BEC-1410D49C560B} = {29EA6B80-2B2D-6339-36CE-84CE84AF74CF}
		{C44371C3-EAF0-5EF8-B237-793F44290781} = {83BB716C-5BAA-10CA-C82D-4728BDE2A2C1}
		{78D26BE4-A427-7EF0-2025-F4B68F8954A0} = {C44371C3-EAF0-5EF8-B237-793F44290781}
		{766AD9C3-3F1F-C603-C87F-EE85E0D0FBC0} = {C44371C3-EAF0-5EF8-B237-793F44290781}
		{C50C07A8-6C2E-AD96-E297-52447245783F} = {C44371C3-EAF0-5EF8-B237-793F44290781}
		{530CCF05-9654-D08A-D53D-EF2EF5675D99} = {827E0CD3-B72D-47B6-A68D-7590B98EB39B}
		{1E189A8F-034C-B710-C937-DB660829674C} = {530CCF05-9654-D08A-D53D-EF2EF5675D99}
		{8A2B466D-8C37-969C-FD87-0954823E2F91} = {1E189A8F-034C-B710-C937-DB660829674C}
		{E8BD4BE8-D468-B703-4099-501328AF8651} = {1E189A8F-034C-B710-C937-DB660829674C}
		{C255E5D5-9EE9-341A-5C87-23F5E6E95EC2} = {1E189A8F-034C-B710-C937-DB660829674C}
		{AD8B6C72-78F3-40DD-8CFB-18253FD4D757} = {1E189A8F-034C-B710-C937-DB660829674C}
		{6563BE25-EF1E-9C09-B4D9-E27E8FA6DAC9} = {1E189A8F-034C-B710-C937-DB660829674C}
		{D8518FD9-B843-DB1A-A083-FDE905D17E03} = {530CCF05-9654-D08A-D53D-EF2EF5675D99}
		{E62D9627-5202-BF0D-1857-81E4210B9855} = {D8518FD9-B843-DB1A-A083-FDE905D17E03}
		{DAC59AB9-9A61-4B62-0093-0B02CCF5E8AF} = {D8518FD9-B843-DB1A-A083-FDE905D17E03}
		{CC60FC01-EC77-4177-0164-43807E56C6DB} = {D8518FD9-B843-DB1A-A083-FDE905D17E03}
		{7F7B3E01-3C06-C93C-EF20-E86EE1E8F2DD} = {D8518FD9-B843-DB1A-A083-FDE905D17E03}
		{517EA44C-6CBC-FB1B-52BE-9202E4C27F61} = {530CCF05-9654-D08A-D53D-EF2EF5675D99}
		{A6206A9E-711B-6817-A8F6-4615A26C2FE6} = {517EA44C-6CBC-FB1B-52BE-9202E4C27F61}
		{4DC0782C-A924-03E0-FF04-4BF718910341} = {517EA44C-6CBC-FB1B-52BE-9202E4C27F61}
		{905DDF8C-38E6-48CE-C717-954E0E139A5F} = {517EA44C-6CBC-FB1B-52BE-9202E4C27F61}
	EndGlobalSection
	GlobalSection(ExtensibilityGlobals) = postSolution
		SolutionGuid = {F89135B3-9E73-4EED-9804-0418AC41396F}
	EndGlobalSection
EndGlobal
